# This file is autogenerated, do not edit; changes may be undone by the next 'dep ensure'.


[[projects]]
  branch = "master"
  name = "github.com/Songmu/wrapcommander"
  packages = ["."]
  revision = "da6f7e02efc3386a21980967d689f6385c4625c9"

[[projects]]
  name = "github.com/jessevdk/go-flags"
  packages = ["."]
  revision = "96dc06278ce32a0e9d957d590bb987c81ee66407"
  version = "v1.3.0"

[[projects]]
  branch = "master"
  name = "github.com/kballard/go-shellquote"
  packages = ["."]
  revision = "cd60e84ee657ff3dc51de0b4f55dd299a3e136f2"

[solve-meta]
  analyzer-name = "dep"
  analyzer-version = 1
  inputs-digest = "239ff99cc6be88160e92353b5168ce8018260eb6f1a031775736cbc0eba2bc39"
  solver-name = "gps-cdcl"
  solver-version = 1
