# This file is autogenerated, do not edit; changes may be undone by the next 'dep ensure'.


[[projects]]
  digest = "1:4a9d1054b9125b6a61933b19df1adeb3977d433cf6d119d3f857010632387d34"
  name = "github.com/Songmu/timestamper"
  packages = ["."]
  pruneopts = "UT"
  revision = "6228595da85e77b5151456c1c8a83c65d5e70f00"
  version = "v0.0.1"

[[projects]]
  branch = "master"
  digest = "1:af833db11a4e10867c42610868149172143faa7b5d286439a844ca43a7a18bba"
  name = "github.com/Songmu/wrapcommander"
  packages = ["."]
  pruneopts = "UT"
  revision = "6edabfc62ab9d8924d9609276391f8966eb95194"

[[projects]]
  digest = "1:a2cff208d4759f6ba1b1cd228587b0a1869f95f22542ec9cd17fff64430113c7"
  name = "github.com/jessevdk/go-flags"
  packages = ["."]
  pruneopts = "UT"
  revision = "c6ca198ec95c841fdb89fc0de7496fed11ab854e"
  version = "v1.4.0"

[[projects]]
  branch = "master"
  digest = "1:400e113a367b511b9b09ca642ee11d9885485a93838526d697033af334a2fdde"
  name = "github.com/kballard/go-shellquote"
  packages = ["."]
  pruneopts = "UT"
  revision = "95032a82bc518f77982ea72343cc1ade730072f0"

[[projects]]
  branch = "master"
  digest = "1:8654122ef85f2bc03859b0a7ea2d36c9965888689cdac7640cceaa6edb11cff6"
  name = "github.com/lestrrat-go/strftime"
  packages = ["."]
  pruneopts = "UT"
  revision = "8b31f9c59b0feb56c456ce49a7b3d2b2e93a6f18"

[[projects]]
  digest = "1:cf31692c14422fa27c83a05292eb5cbe0fb2775972e8f1f8446a71549bd8980b"
  name = "github.com/pkg/errors"
  packages = ["."]
  pruneopts = "UT"
  revision = "ba968bfe8b2f7e042a574c888954fccecfa385b4"
  version = "v0.8.1"

[[projects]]
  branch = "master"
  digest = "1:b521f10a2d8fa85c04a8ef4e62f2d1e14d303599a55d64dabf9f5a02f84d35eb"
  name = "golang.org/x/sync"
  packages = ["errgroup"]
  pruneopts = "UT"
  revision = "37e7f081c4d4c64e13b10787722085407fe5d15f"

[[projects]]
  digest = "1:a3268f22263113b0f451328c981396998ad70d02115c6893dbf15a2a133cf2b9"
  name = "golang.org/x/text"
  packages = ["transform"]
  pruneopts = "UT"
  revision = "f21a4dfb5e38f5895301dc265a8def02365cc3d0"
  version = "v0.3.0"

[solve-meta]
  analyzer-name = "dep"
  analyzer-version = 1
  input-imports = [
    "github.com/Songmu/timestamper",
    "github.com/Songmu/wrapcommander",
    "github.com/jessevdk/go-flags",
    "github.com/kballard/go-shellquote",
    "github.com/lestrrat-go/strftime",
    "golang.org/x/sync/errgroup",
    "golang.org/x/text/transform",
  ]
  solver-name = "gps-cdcl"
  solver-version = 1
